<?xml version="1.0" encoding="UTF-8" standalone="yes" ?>
<CodeBlocks_project_file>
	<FileVersion major="1" minor="6" />
	<Project>
		<Option title="labprogra3" />
		<Option pch_mode="2" />
		<Option compiler="gcc" />
		<Build>
			<Target title="Debug">
				<Option output="bin/Debug/labprogra3" prefix_auto="1" extension_auto="1" />
				<Option object_output="obj/Debug/" />
				<Option type="1" />
				<Option compiler="gcc" />
				<Compiler>
					<Add option="-g" />
					<Add directory="include" />
					<Add directory="../labprogra3" />
				</Compiler>
			</Target>
			<Target title="Release">
				<Option output="bin/Release/labprogra3" prefix_auto="1" extension_auto="1" />
				<Option object_output="obj/Release/" />
				<Option type="1" />
				<Option compiler="gcc" />
				<Compiler>
					<Add option="-O2" />
					<Add directory="include" />
					<Add directory="../labprogra3" />
				</Compiler>
				<Linker>
					<Add option="-s" />
				</Linker>
			</Target>
		</Build>
		<Compiler>
			<Add option="-Wall" />
			<Add directory="C:/Users/Alejandro/Documents/Unitec/10 trimestre/Progra3/SDL2-2.0.3/i686-w64-mingw32/include/SDL2" />
			<Add directory="C:/Users/Alejandro/Documents/Unitec/10 trimestre/Progra3/SDL2_image-2.0.0/i686-w64-mingw32/include/SDL2" />
		</Compiler>
		<Linker>
			<Add option="-lmingw32 -lSDL2main -lSDL2" />
			<Add option="-lSDL2_image" />
			<Add directory="C:/Users/Alejandro/Documents/Unitec/10 trimestre/Progra3/SDL2-2.0.3/i686-w64-mingw32/lib" />
			<Add directory="C:/Users/Alejandro/Documents/Unitec/10 trimestre/Progra3/SDL2_image-2.0.0/i686-w64-mingw32/lib" />
		</Linker>
		<Unit filename="Enemigo.cpp" />
		<Unit filename="Enemigo.h" />
		<Unit filename="Enemigo2.cpp" />
		<Unit filename="Enemigo2.h" />
		<Unit filename="Enemigo3.cpp" />
		<Unit filename="Enemigo3.h" />
		<Unit filename="Entidad.cpp" />
		<Unit filename="Entidad.h" />
		<Unit filename="Jugador.cpp" />
		<Unit filename="Jugador.h" />
		<Unit filename="Menu.cpp" />
		<Unit filename="Menu.h" />
		<Unit filename="Personaje.cpp" />
		<Unit filename="Personaje.h" />
		<Unit filename="Proyectil.cpp" />
		<Unit filename="Proyectil.h" />
		<Unit filename="Proyectil2.cpp" />
		<Unit filename="Proyectil2.h" />
		<Unit filename="Proyectil3.cpp" />
		<Unit filename="Proyectil3.h" />
		<Unit filename="castle.png" />
		<Unit filename="dragon3bw.png" />
		<Unit filename="dragon4.png" />
		<Unit filename="fondo.png" />
		<Unit filename="include/Proyectil3.h" />
		<Unit filename="main.cpp" />
		<Unit filename="menu1.png" />
		<Unit filename="menu2.png" />
		<Unit filename="menu3.png" />
		<Unit filename="menu4.png" />
		<Unit filename="otropersonaje.png" />
		<Unit filename="pause1.png" />
		<Unit filename="pause2.png" />
		<Unit filename="personaje.png" />
		<Unit filename="proyectil.png" />
		<Unit filename="proyectilazul.png" />
		<Unit filename="proyectilrojo.png" />
		<Extensions>
			<code_completion />
			<envvars />
			<debugger />
		</Extensions>
	</Project>
</CodeBlocks_project_file>
